
Microsoft Visual Studio Solution File, Format Version 12.00
# Visual Studio Version 17
VisualStudioVersion = 17.7.34024.191
MinimumVisualStudioVersion = 10.0.40219.1
Project("{FAE04EC0-301F-11D3-BF4B-00C04F79EFBC}") = "Salinas_OOP", "Salinas_OOP\Salinas_OOP.csproj", "{2D7AA20A-E702-4982-93DF-E55CE5DBDD05}"
EndProject
Global
	GlobalSection(SolutionConfigurationPlatforms) = preSolution
		Debug|Any CPU = Debug|Any CPU
		Release|Any CPU = Release|Any CPU
	EndGlobalSection
	GlobalSection(ProjectConfigurationPlatforms) = postSolution
		{2D7AA20A-E702-4982-93DF-E55CE5DBDD05}.Debug|Any CPU.ActiveCfg = Debug|Any CPU
		{2D7AA20A-E702-4982-93DF-E55CE5DBDD05}.Debug|Any CPU.Build.0 = Debug|Any CPU
		{2D7AA20A-E702-4982-93DF-E55CE5DBDD05}.Release|Any CPU.ActiveCfg = Release|Any CPU
		{2D7AA20A-E702-4982-93DF-E55CE5DBDD05}.Release|Any CPU.Build.0 = Release|Any CPU
	EndGlobalSection
	GlobalSection(SolutionProperties) = preSolution
		HideSolutionNode = FALSE
	EndGlobalSection
	GlobalSection(ExtensibilityGlobals) = postSolution
		SolutionGuid = {4D06B512-E58A-41C3-947F-0244EA59CA3C}
	EndGlobalSection
EndGlobal
